{
    "_meta": {
        "hash": {
            "sha256": "7bd22c7a97fb174a908ac67e85ef98589753dcc2b2b8e1d1508d5cfd3c40bf89"
        },
        "pipfile-spec": 6,
        "requires": {
            "python_version": "3.7"
        },
        "sources": [
            {
                "name": "pypi",
                "url": "https://pypi.org/simple",
                "verify_ssl": true
            }
        ]
    },
    "default": {
        "pluginbase": {
            "hashes": [
                "sha256:c0abe3218b86533cca287e7057a37481883c07acef7814b70583406938214cc8"
            ],
            "index": "pypi",
            "version": "==0.7"
        }
    },
    "develop": {}
}
